
Microsoft Visual Studio Solution File, Format Version 12.00
# Visual Studio Version 16
VisualStudioVersion = 16.0.30503.244
MinimumVisualStudioVersion = 10.0.40219.1
Project("{FAE04EC0-301F-11D3-BF4B-00C04F79EFBC}") = "EmployeeWageComputation", "EmployeeWageComputation.csproj", "{0A6A583B-2D7E-4096-B36F-378C0982E6DA}"
EndProject
Global
	GlobalSection(SolutionConfigurationPlatforms) = preSolution
		Debug|Any CPU = Debug|Any CPU
		Release|Any CPU = Release|Any CPU
	EndGlobalSection
	GlobalSection(ProjectConfigurationPlatforms) = postSolution
		{0A6A583B-2D7E-4096-B36F-378C0982E6DA}.Debug|Any CPU.ActiveCfg = Debug|Any CPU
		{0A6A583B-2D7E-4096-B36F-378C0982E6DA}.Debug|Any CPU.Build.0 = Debug|Any CPU
		{0A6A583B-2D7E-4096-B36F-378C0982E6DA}.Release|Any CPU.ActiveCfg = Release|Any CPU
		{0A6A583B-2D7E-4096-B36F-378C0982E6DA}.Release|Any CPU.Build.0 = Release|Any CPU
	EndGlobalSection
	GlobalSection(SolutionProperties) = preSolution
		HideSolutionNode = FALSE
	EndGlobalSection
	GlobalSection(ExtensibilityGlobals) = postSolution
		SolutionGuid = {89F501F7-D6DE-47DE-B6B7-8E0BBDB6D471}
	EndGlobalSection
EndGlobal
